{
  "name": "randomgenerator",
  "version": "1.0.0",
  "lockfileVersion": 1,
  "requires": true,
  "dependencies": {
    "async-csv": {
      "version": "2.0.0",
      "resolved": "https://registry.npmjs.org/async-csv/-/async-csv-2.0.0.tgz",
      "integrity": "sha512-68ip4PLFiHTxxHaQCktst/p4BWaBo7X8ejwsR9cIP15JWrDMr7PXOn+Ycey+6dgWnjQ96I+8uLnuWz+FkU/iMA==",
      "requires": {
        "csv": "^4.0.0"
      }
    },
    "babel-runtime": {
      "version": "6.26.0",
      "resolved": "https://registry.npmjs.org/babel-runtime/-/babel-runtime-6.26.0.tgz",
      "integrity": "sha1-llxwWGaOgrVde/4E/yM3vItWR/4=",
      "requires": {
        "core-js": "^2.4.0",
        "regenerator-runtime": "^0.11.0"
      }
    },
    "commander": {
      "version": "2.19.0",
      "resolved": "https://registry.npmjs.org/commander/-/commander-2.19.0.tgz",
      "integrity": "sha512-6tvAOO+D6OENvRAh524Dh9jcfKTYDQAqvqezbCW82xj5X0pSrcpxtvRKHLG0yBY6SD7PSDrJaj+0AiOcKVd1Xg=="
    },
    "core-js": {
      "version": "2.6.5",
      "resolved": "https://registry.npmjs.org/core-js/-/core-js-2.6.5.tgz",
      "integrity": "sha512-klh/kDpwX8hryYL14M9w/xei6vrv6sE8gTHDG7/T/+SEovB/G4ejwcfE/CBzO6Edsu+OETZMZ3wcX/EjUkrl5A=="
    },
    "create-api": {
      "version": "0.0.1",
      "resolved": "https://registry.npmjs.org/create-api/-/create-api-0.0.1.tgz",
      "integrity": "sha1-xHUH0qP9qRpnTKI81p8lwkL49+M="
    },
    "csv": {
      "version": "4.0.0",
      "resolved": "https://registry.npmjs.org/csv/-/csv-4.0.0.tgz",
      "integrity": "sha512-rj3+HMMIKskeiipg0VkFSx7o8FhrNSfIb1nLT6AkJ0gx7mdGU5JsJGv4tmk0vl1jV/h/TfWJOwh1tpbbhVqNKA==",
      "requires": {
        "csv-generate": "^2.2.2",
        "csv-parse": "^3.1.2",
        "csv-stringify": "^4.3.1",
        "stream-transform": "^1.0.7"
      }
    },
    "csv-generate": {
      "version": "2.2.2",
      "resolved": "https://registry.npmjs.org/csv-generate/-/csv-generate-2.2.2.tgz",
      "integrity": "sha512-ETG8JGG0xOt2f1JzxrAcQONVc4+7srUdXeyLnow60ntBr+qiNCFTqi+ME6g0vZ4hMCbrwNrDPJPOYVznAeDDHQ=="
    },
    "csv-parse": {
      "version": "3.2.0",
      "resolved": "https://registry.npmjs.org/csv-parse/-/csv-parse-3.2.0.tgz",
      "integrity": "sha512-1IBQ7PYHc5h6AXS4nyGsmicttbpUbNvlsgKxhvouh+kRaVug8xBWSiIeWdbPUQgjKG88hEGYjdU29fX73mo+6Q=="
    },
    "csv-stringify": {
      "version": "4.3.1",
      "resolved": "https://registry.npmjs.org/csv-stringify/-/csv-stringify-4.3.1.tgz",
      "integrity": "sha512-VRjPYIUzex5kfbsOY7LaJcNE2qMWGQQAanb3/Vv85WbOgA+dAfDNfwntRvv335icJgGYrnTX403WxJxRVpLDFA==",
      "requires": {
        "lodash.get": "~4.4.2"
      }
    },
    "faker": {
      "version": "4.1.0",
      "resolved": "https://registry.npmjs.org/faker/-/faker-4.1.0.tgz",
      "integrity": "sha1-HkW7vsxndLPBlfrSg1EJxtdIzD8="
    },
    "lodash.get": {
      "version": "4.4.2",
      "resolved": "https://registry.npmjs.org/lodash.get/-/lodash.get-4.4.2.tgz",
      "integrity": "sha1-LRd/ZS+jHpObRDjVNBSZ36OCXpk="
    },
    "lorem-ipsum": {
      "version": "2.0.0",
      "resolved": "https://registry.npmjs.org/lorem-ipsum/-/lorem-ipsum-2.0.0.tgz",
      "integrity": "sha512-MgsNPLB49Zwk2ah8kSG5T3X75JQsEC3tsI7QsWORuiIe2DTUq4b9QXSG7dkjHoO1lKKaxVM69MNiVssTfp+zGQ==",
      "requires": {
        "commander": "^2.17.1"
      }
    },
    "objects-to-csv": {
      "version": "1.2.1",
      "resolved": "https://registry.npmjs.org/objects-to-csv/-/objects-to-csv-1.2.1.tgz",
      "integrity": "sha512-Gp6qq/DYiCZJW/8CEcDcGHoD8RN73EFNGvBhaQTqt0XD70aGFPyDVEskiFfoe5OxatLZRB3E8kwqNkrnUdfNqg==",
      "requires": {
        "async-csv": "^2.0.0"
      }
    },
    "ow": {
      "version": "0.4.0",
      "resolved": "https://registry.npmjs.org/ow/-/ow-0.4.0.tgz",
      "integrity": "sha512-kJNzxUgVd6EF5LoGs+s2/etJPwjfRDLXPTCfEgV8At77sRrV+PSFA8lcoW2HF15Qd455mIR2Stee/2MzDiFBDA=="
    },
    "ow-lite": {
      "version": "0.0.2",
      "resolved": "https://registry.npmjs.org/ow-lite/-/ow-lite-0.0.2.tgz",
      "integrity": "sha1-359QDmdAtlkKHpqWVzDUmo61l9E="
    },
    "random": {
      "version": "2.1.1",
      "resolved": "https://registry.npmjs.org/random/-/random-2.1.1.tgz",
      "integrity": "sha512-8HQriGPwjc8R+7hPOI9ZphAEEWmIt/RmuqXZ682ww9kjK5HRGXcN7hgWUxZ9AabgjZm5wIa6EwapTI1sg11XXg==",
      "requires": {
        "babel-runtime": "^6.26.0",
        "ow": "^0.4.0",
        "ow-lite": "^0.0.2",
        "seedrandom": "^2.4.4"
      }
    },
    "random-org": {
      "version": "1.1.0",
      "resolved": "https://registry.npmjs.org/random-org/-/random-org-1.1.0.tgz",
      "integrity": "sha512-EErlZWlExlPbT4YYdABe1MpCWlp9RgJEKR9e9cqyuxbwgCVLoVwm6iOiROtBD/5u+P4ltFyjziGFu7gC+y/94A=="
    },
    "random-org-api": {
      "version": "0.0.2",
      "resolved": "https://registry.npmjs.org/random-org-api/-/random-org-api-0.0.2.tgz",
      "integrity": "sha1-9ZBjFeW3NTUbe2GBzO+jnvB51YU=",
      "requires": {
        "create-api": "0.0.x"
      }
    },
    "regenerator-runtime": {
      "version": "0.11.1",
      "resolved": "https://registry.npmjs.org/regenerator-runtime/-/regenerator-runtime-0.11.1.tgz",
      "integrity": "sha512-MguG95oij0fC3QV3URf4V2SDYGJhJnJGqvIIgdECeODCT98wSWDAJ94SSuVpYQUoTcGUIL6L4yNB7j1DFFHSBg=="
    },
    "seedrandom": {
      "version": "2.4.4",
      "resolved": "https://registry.npmjs.org/seedrandom/-/seedrandom-2.4.4.tgz",
      "integrity": "sha512-9A+PDmgm+2du77B5i0Ip2cxOqqHjgNxnBgglxLcX78A2D6c2rTo61z4jnVABpF4cKeDMDG+cmXXvdnqse2VqMA=="
    },
    "stream-transform": {
      "version": "1.0.8",
      "resolved": "https://registry.npmjs.org/stream-transform/-/stream-transform-1.0.8.tgz",
      "integrity": "sha512-1q+dL790Ps0NV33rISMq9OLtfDA9KMJZdo1PHZXE85orrWsM4FAh8CVyAOTHO0rhyeM138KNPngBPrx33bFsxw=="
    }
  }
}
